
Microsoft Visual Studio Solution File, Format Version 12.00
# Visual Studio Version 17
VisualStudioVersion = 17.1.32328.378
MinimumVisualStudioVersion = 10.0.40219.1
Project("{8BC9CEB8-8B4A-11D0-8D11-00A0C91BC942}") = "Proyecto2", "Proyecto2.vcxproj", "{638D6DFF-65EA-4171-AF57-6785169F905A}"
EndProject
Global
	GlobalSection(SolutionConfigurationPlatforms) = preSolution
		Debug|x64 = Debug|x64
		Debug|x86 = Debug|x86
		Release|x64 = Release|x64
		Release|x86 = Release|x86
	EndGlobalSection
	GlobalSection(ProjectConfigurationPlatforms) = postSolution
		{638D6DFF-65EA-4171-AF57-6785169F905A}.Debug|x64.ActiveCfg = Debug|x64
		{638D6DFF-65EA-4171-AF57-6785169F905A}.Debug|x64.Build.0 = Debug|x64
		{638D6DFF-65EA-4171-AF57-6785169F905A}.Debug|x86.ActiveCfg = Debug|Win32
		{638D6DFF-65EA-4171-AF57-6785169F905A}.Debug|x86.Build.0 = Debug|Win32
		{638D6DFF-65EA-4171-AF57-6785169F905A}.Release|x64.ActiveCfg = Release|x64
		{638D6DFF-65EA-4171-AF57-6785169F905A}.Release|x64.Build.0 = Release|x64
		{638D6DFF-65EA-4171-AF57-6785169F905A}.Release|x86.ActiveCfg = Release|Win32
		{638D6DFF-65EA-4171-AF57-6785169F905A}.Release|x86.Build.0 = Release|Win32
	EndGlobalSection
	GlobalSection(SolutionProperties) = preSolution
		HideSolutionNode = FALSE
	EndGlobalSection
	GlobalSection(ExtensibilityGlobals) = postSolution
		SolutionGuid = {4CEDF6B8-D5D2-4B58-BAAF-CFCAAC0D7EF3}
	EndGlobalSection
EndGlobal
